// !$*UTF8*$!
{
	archiveVersion = 1;
	classes = {
	};
	objectVersion = 56;
	objects = {

/* Begin PBXBuildFile section */
		586C8F172BEA2F9F00B00B9D /* TuistExampleApp.swift in Sources */ = {isa = PBXBuildFile; fileRef = 586C8F162BEA2F9F00B00B9D /* TuistExampleApp.swift */; };
		586C8F192BEA2F9F00B00B9D /* ContentView.swift in Sources */ = {isa = PBXBuildFile; fileRef = 586C8F182BEA2F9F00B00B9D /* ContentView.swift */; };
		586C8F1B2BEA2FA000B00B9D /* Assets.xcassets in Resources */ = {isa = PBXBuildFile; fileRef = 586C8F1A2BEA2FA000B00B9D /* Assets.xcassets */; };
		586C8F1F2BEA2FA000B00B9D /* Preview Assets.xcassets in Resources */ = {isa = PBXBuildFile; fileRef = 586C8F1E2BEA2FA000B00B9D /* Preview Assets.xcassets */; };
		586C8F292BEA2FA000B00B9D /* TuistExampleTests.swift in Sources */ = {isa = PBXBuildFile; fileRef = 586C8F282BEA2FA000B00B9D /* TuistExampleTests.swift */; };
		586C8F332BEA2FA000B00B9D /* TuistExampleUITests.swift in Sources */ = {isa = PBXBuildFile; fileRef = 586C8F322BEA2FA000B00B9D /* TuistExampleUITests.swift */; };
		586C8F352BEA2FA000B00B9D /* TuistExampleUITestsLaunchTests.swift in Sources */ = {isa = PBXBuildFile; fileRef = 586C8F342BEA2FA000B00B9D /* TuistExampleUITestsLaunchTests.swift */; };
/* End PBXBuildFile section */

/* Begin PBXContainerItemProxy section */
		586C8F252BEA2FA000B00B9D /* PBXContainerItemProxy */ = {
			isa = PBXContainerItemProxy;
			containerPortal = 586C8F0B2BEA2F9E00B00B9D /* Project object */;
			proxyType = 1;
			remoteGlobalIDString = 586C8F122BEA2F9E00B00B9D;
			remoteInfo = TuistExample;
		};
		586C8F2F2BEA2FA000B00B9D /* PBXContainerItemProxy */ = {
			isa = PBXContainerItemProxy;
			containerPortal = 586C8F0B2BEA2F9E00B00B9D /* Project object */;
			proxyType = 1;
			remoteGlobalIDString = 586C8F122BEA2F9E00B00B9D;
			remoteInfo = TuistExample;
		};
/* End PBXContainerItemProxy section */

/* Begin PBXFileReference section */
		586C8F132BEA2F9E00B00B9D /* TuistExample.app */ = {isa = PBXFileReference; explicitFileType = wrapper.application; includeInIndex = 0; path = TuistExample.app; sourceTree = BUILT_PRODUCTS_DIR; };
		586C8F162BEA2F9F00B00B9D /* TuistExampleApp.swift */ = {isa = PBXFileReference; lastKnownFileType = sourcecode.swift; path = TuistExampleApp.swift; sourceTree = "<group>"; };
		586C8F182BEA2F9F00B00B9D /* ContentView.swift */ = {isa = PBXFileReference; lastKnownFileType = sourcecode.swift; path = ContentView.swift; sourceTree = "<group>"; };
		586C8F1A2BEA2FA000B00B9D /* Assets.xcassets */ = {isa = PBXFileReference; lastKnownFileType = folder.assetcatalog; path = Assets.xcassets; sourceTree = "<group>"; };
		586C8F1C2BEA2FA000B00B9D /* TuistExample.entitlements */ = {isa = PBXFileReference; lastKnownFileType = text.plist.entitlements; path = TuistExample.entitlements; sourceTree = "<group>"; };
		586C8F1E2BEA2FA000B00B9D /* Preview Assets.xcassets */ = {isa = PBXFileReference; lastKnownFileType = folder.assetcatalog; path = "Preview Assets.xcassets"; sourceTree = "<group>"; };
		586C8F242BEA2FA000B00B9D /* TuistExampleTests.xctest */ = {isa = PBXFileReference; explicitFileType = wrapper.cfbundle; includeInIndex = 0; path = TuistExampleTests.xctest; sourceTree = BUILT_PRODUCTS_DIR; };
		586C8F282BEA2FA000B00B9D /* TuistExampleTests.swift */ = {isa = PBXFileReference; lastKnownFileType = sourcecode.swift; path = TuistExampleTests.swift; sourceTree = "<group>"; };
		586C8F2E2BEA2FA000B00B9D /* TuistExampleUITests.xctest */ = {isa = PBXFileReference; explicitFileType = wrapper.cfbundle; includeInIndex = 0; path = TuistExampleUITests.xctest; sourceTree = BUILT_PRODUCTS_DIR; };
		586C8F322BEA2FA000B00B9D /* TuistExampleUITests.swift */ = {isa = PBXFileReference; lastKnownFileType = sourcecode.swift; path = TuistExampleUITests.swift; sourceTree = "<group>"; };
		586C8F342BEA2FA000B00B9D /* TuistExampleUITestsLaunchTests.swift */ = {isa = PBXFileReference; lastKnownFileType = sourcecode.swift; path = TuistExampleUITestsLaunchTests.swift; sourceTree = "<group>"; };
/* End PBXFileReference section */

/* Begin PBXFrameworksBuildPhase section */
		586C8F102BEA2F9E00B00B9D /* Frameworks */ = {
			isa = PBXFrameworksBuildPhase;
			buildActionMask = 2147483647;
			files = (
			);
			runOnlyForDeploymentPostprocessing = 0;
		};
		586C8F212BEA2FA000B00B9D /* Frameworks */ = {
			isa = PBXFrameworksBuildPhase;
			buildActionMask = 2147483647;
			files = (
			);
			runOnlyForDeploymentPostprocessing = 0;
		};
		586C8F2B2BEA2FA000B00B9D /* Frameworks */ = {
			isa = PBXFrameworksBuildPhase;
			buildActionMask = 2147483647;
			files = (
			);
			runOnlyForDeploymentPostprocessing = 0;
		};
/* End PBXFrameworksBuildPhase section */

/* Begin PBXGroup section */
		586C8F0A2BEA2F9E00B00B9D = {
			isa = PBXGroup;
			children = (
				586C8F152BEA2F9E00B00B9D /* TuistExample */,
				586C8F272BEA2FA000B00B9D /* TuistExampleTests */,
				586C8F312BEA2FA000B00B9D /* TuistExampleUITests */,
				586C8F142BEA2F9E00B00B9D /* Products */,
			);
			sourceTree = "<group>";
		};
		586C8F142BEA2F9E00B00B9D /* Products */ = {
			isa = PBXGroup;
			children = (
				586C8F132BEA2F9E00B00B9D /* TuistExample.app */,
				586C8F242BEA2FA000B00B9D /* TuistExampleTests.xctest */,
				586C8F2E2BEA2FA000B00B9D /* TuistExampleUITests.xctest */,
			);
			name = Products;
			sourceTree = "<group>";
		};
		586C8F152BEA2F9E00B00B9D /* TuistExample */ = {
			isa = PBXGroup;
			children = (
				586C8F162BEA2F9F00B00B9D /* TuistExampleApp.swift */,
				586C8F182BEA2F9F00B00B9D /* ContentView.swift */,
				586C8F1A2BEA2FA000B00B9D /* Assets.xcassets */,
				586C8F1C2BEA2FA000B00B9D /* TuistExample.entitlements */,
				586C8F1D2BEA2FA000B00B9D /* Preview Content */,
			);
			path = TuistExample;
			sourceTree = "<group>";
		};
		586C8F1D2BEA2FA000B00B9D /* Preview Content */ = {
			isa = PBXGroup;
			children = (
				586C8F1E2BEA2FA000B00B9D /* Preview Assets.xcassets */,
			);
			path = "Preview Content";
			sourceTree = "<group>";
		};
		586C8F272BEA2FA000B00B9D /* TuistExampleTests */ = {
			isa = PBXGroup;
			children = (
				586C8F282BEA2FA000B00B9D /* TuistExampleTests.swift */,
			);
			path = TuistExampleTests;
			sourceTree = "<group>";
		};
		586C8F312BEA2FA000B00B9D /* TuistExampleUITests */ = {
			isa = PBXGroup;
			children = (
				586C8F322BEA2FA000B00B9D /* TuistExampleUITests.swift */,
				586C8F342BEA2FA000B00B9D /* TuistExampleUITestsLaunchTests.swift */,
			);
			path = TuistExampleUITests;
			sourceTree = "<group>";
		};
/* End PBXGroup section */

/* Begin PBXNativeTarget section */
		586C8F122BEA2F9E00B00B9D /* TuistExample */ = {
			isa = PBXNativeTarget;
			buildConfigurationList = 586C8F382BEA2FA000B00B9D /* Build configuration list for PBXNativeTarget "TuistExample" */;
			buildPhases = (
				586C8F0F2BEA2F9E00B00B9D /* Sources */,
				586C8F102BEA2F9E00B00B9D /* Frameworks */,
				586C8F112BEA2F9E00B00B9D /* Resources */,
			);
			buildRules = (
			);
			dependencies = (
			);
			name = TuistExample;
			productName = TuistExample;
			productReference = 586C8F132BEA2F9E00B00B9D /* TuistExample.app */;
			productType = "com.apple.product-type.application";
		};
		586C8F232BEA2FA000B00B9D /* TuistExampleTests */ = {
			isa = PBXNativeTarget;
			buildConfigurationList = 586C8F3B2BEA2FA000B00B9D /* Build configuration list for PBXNativeTarget "TuistExampleTests" */;
			buildPhases = (
				586C8F202BEA2FA000B00B9D /* Sources */,
				586C8F212BEA2FA000B00B9D /* Frameworks */,
				586C8F222BEA2FA000B00B9D /* Resources */,
			);
			buildRules = (
			);
			dependencies = (
				586C8F262BEA2FA000B00B9D /* PBXTargetDependency */,
			);
			name = TuistExampleTests;
			productName = TuistExampleTests;
			productReference = 586C8F242BEA2FA000B00B9D /* TuistExampleTests.xctest */;
			productType = "com.apple.product-type.bundle.unit-test";
		};
		586C8F2D2BEA2FA000B00B9D /* TuistExampleUITests */ = {
			isa = PBXNativeTarget;
			buildConfigurationList = 586C8F3E2BEA2FA000B00B9D /* Build configuration list for PBXNativeTarget "TuistExampleUITests" */;
			buildPhases = (
				586C8F2A2BEA2FA000B00B9D /* Sources */,
				586C8F2B2BEA2FA000B00B9D /* Frameworks */,
				586C8F2C2BEA2FA000B00B9D /* Resources */,
			);
			buildRules = (
			);
			dependencies = (
				586C8F302BEA2FA000B00B9D /* PBXTargetDependency */,
			);
			name = TuistExampleUITests;
			productName = TuistExampleUITests;
			productReference = 586C8F2E2BEA2FA000B00B9D /* TuistExampleUITests.xctest */;
			productType = "com.apple.product-type.bundle.ui-testing";
		};
/* End PBXNativeTarget section */

/* Begin PBXProject section */
		586C8F0B2BEA2F9E00B00B9D /* Project object */ = {
			isa = PBXProject;
			attributes = {
				BuildIndependentTargetsInParallel = 1;
				LastSwiftUpdateCheck = 1520;
				LastUpgradeCheck = 1520;
				TargetAttributes = {
					586C8F122BEA2F9E00B00B9D = {
						CreatedOnToolsVersion = 15.2;
					};
					586C8F232BEA2FA000B00B9D = {
						CreatedOnToolsVersion = 15.2;
						TestTargetID = 586C8F122BEA2F9E00B00B9D;
					};
					586C8F2D2BEA2FA000B00B9D = {
						CreatedOnToolsVersion = 15.2;
						TestTargetID = 586C8F122BEA2F9E00B00B9D;
					};
				};
			};
			buildConfigurationList = 586C8F0E2BEA2F9E00B00B9D /* Build configuration list for PBXProject "TuistExample" */;
			compatibilityVersion = "Xcode 14.0";
			developmentRegion = en;
			hasScannedForEncodings = 0;
			knownRegions = (
				en,
				Base,
			);
			mainGroup = 586C8F0A2BEA2F9E00B00B9D;
			productRefGroup = 586C8F142BEA2F9E00B00B9D /* Products */;
			projectDirPath = "";
			projectRoot = "";
			targets = (
				586C8F122BEA2F9E00B00B9D /* TuistExample */,
				586C8F232BEA2FA000B00B9D /* TuistExampleTests */,
				586C8F2D2BEA2FA000B00B9D /* TuistExampleUITests */,
			);
		};
/* End PBXProject section */

/* Begin PBXResourcesBuildPhase section */
		586C8F112BEA2F9E00B00B9D /* Resources */ = {
			isa = PBXResourcesBuildPhase;
			buildActionMask = 2147483647;
			files = (
				586C8F1F2BEA2FA000B00B9D /* Preview Assets.xcassets in Resources */,
				586C8F1B2BEA2FA000B00B9D /* Assets.xcassets in Resources */,
			);
			runOnlyForDeploymentPostprocessing = 0;
		};
		586C8F222BEA2FA000B00B9D /* Resources */ = {
			isa = PBXResourcesBuildPhase;
			buildActionMask = 2147483647;
			files = (
			);
			runOnlyForDeploymentPostprocessing = 0;
		};
		586C8F2C2BEA2FA000B00B9D /* Resources */ = {
			isa = PBXResourcesBuildPhase;
			buildActionMask = 2147483647;
			files = (
			);
			runOnlyForDeploymentPostprocessing = 0;
		};
/* End PBXResourcesBuildPhase section */

/* Begin PBXSourcesBuildPhase section */
		586C8F0F2BEA2F9E00B00B9D /* Sources */ = {
			isa = PBXSourcesBuildPhase;
			buildActionMask = 2147483647;
			files = (
				586C8F192BEA2F9F00B00B9D /* ContentView.swift in Sources */,
				586C8F172BEA2F9F00B00B9D /* TuistExampleApp.swift in Sources */,
			);
			runOnlyForDeploymentPostprocessing = 0;
		};
		586C8F202BEA2FA000B00B9D /* Sources */ = {
			isa = PBXSourcesBuildPhase;
			buildActionMask = 2147483647;
			files = (
				586C8F292BEA2FA000B00B9D /* TuistExampleTests.swift in Sources */,
			);
			runOnlyForDeploymentPostprocessing = 0;
		};
		586C8F2A2BEA2FA000B00B9D /* Sources */ = {
			isa = PBXSourcesBuildPhase;
			buildActionMask = 2147483647;
			files = (
				586C8F332BEA2FA000B00B9D /* TuistExampleUITests.swift in Sources */,
				586C8F352BEA2FA000B00B9D /* TuistExampleUITestsLaunchTests.swift in Sources */,
			);
			runOnlyForDeploymentPostprocessing = 0;
		};
/* End PBXSourcesBuildPhase section */

/* Begin PBXTargetDependency section */
		586C8F262BEA2FA000B00B9D /* PBXTargetDependency */ = {
			isa = PBXTargetDependency;
			target = 586C8F122BEA2F9E00B00B9D /* TuistExample */;
			targetProxy = 586C8F252BEA2FA000B00B9D /* PBXContainerItemProxy */;
		};
		586C8F302BEA2FA000B00B9D /* PBXTargetDependency */ = {
			isa = PBXTargetDependency;
			target = 586C8F122BEA2F9E00B00B9D /* TuistExample */;
			targetProxy = 586C8F2F2BEA2FA000B00B9D /* PBXContainerItemProxy */;
		};
/* End PBXTargetDependency section */

/* Begin XCBuildConfiguration section */
		586C8F362BEA2FA000B00B9D /* Debug */ = {
			isa = XCBuildConfiguration;
			buildSettings = {
				ALWAYS_SEARCH_USER_PATHS = NO;
				ASSETCATALOG_COMPILER_GENERATE_SWIFT_ASSET_SYMBOL_EXTENSIONS = YES;
				CLANG_ANALYZER_NONNULL = YES;
				CLANG_ANALYZER_NUMBER_OBJECT_CONVERSION = YES_AGGRESSIVE;
				CLANG_CXX_LANGUAGE_STANDARD = "gnu++20";
				CLANG_ENABLE_MODULES = YES;
				CLANG_ENABLE_OBJC_ARC = YES;
				CLANG_ENABLE_OBJC_WEAK = YES;
				CLANG_WARN_BLOCK_CAPTURE_AUTORELEASING = YES;
				CLANG_WARN_BOOL_CONVERSION = YES;
				CLANG_WARN_COMMA = YES;
				CLANG_WARN_CONSTANT_CONVERSION = YES;
				CLANG_WARN_DEPRECATED_OBJC_IMPLEMENTATIONS = YES;
				CLANG_WARN_DIRECT_OBJC_ISA_USAGE = YES_ERROR;
				CLANG_WARN_DOCUMENTATION_COMMENTS = YES;
				CLANG_WARN_EMPTY_BODY = YES;
				CLANG_WARN_ENUM_CONVERSION = YES;
				CLANG_WARN_INFINITE_RECURSION = YES;
				CLANG_WARN_INT_CONVERSION = YES;
				CLANG_WARN_NON_LITERAL_NULL_CONVERSION = YES;
				CLANG_WARN_OBJC_IMPLICIT_RETAIN_SELF = YES;
				CLANG_WARN_OBJC_LITERAL_CONVERSION = YES;
				CLANG_WARN_OBJC_ROOT_CLASS = YES_ERROR;
				CLANG_WARN_QUOTED_INCLUDE_IN_FRAMEWORK_HEADER = YES;
				CLANG_WARN_RANGE_LOOP_ANALYSIS = YES;
				CLANG_WARN_STRICT_PROTOTYPES = YES;
				CLANG_WARN_SUSPICIOUS_MOVE = YES;
				CLANG_WARN_UNGUARDED_AVAILABILITY = YES_AGGRESSIVE;
				CLANG_WARN_UNREACHABLE_CODE = YES;
				CLANG_WARN__DUPLICATE_METHOD_MATCH = YES;
				COPY_PHASE_STRIP = NO;
				DEBUG_INFORMATION_FORMAT = dwarf;
				ENABLE_STRICT_OBJC_MSGSEND = YES;
				ENABLE_TESTABILITY = YES;
				ENABLE_USER_SCRIPT_SANDBOXING = YES;
				GCC_C_LANGUAGE_STANDARD = gnu17;
				GCC_DYNAMIC_NO_PIC = NO;
				GCC_NO_COMMON_BLOCKS = YES;
				GCC_OPTIMIZATION_LEVEL = 0;
				GCC_PREPROCESSOR_DEFINITIONS = (
					"DEBUG=1",
					"$(inherited)",
				);
				GCC_WARN_64_TO_32_BIT_CONVERSION = YES;
				GCC_WARN_ABOUT_RETURN_TYPE = YES_ERROR;
				GCC_WARN_UNDECLARED_SELECTOR = YES;
				GCC_WARN_UNINITIALIZED_AUTOS = YES_AGGRESSIVE;
				GCC_WARN_UNUSED_FUNCTION = YES;
				GCC_WARN_UNUSED_VARIABLE = YES;
				LOCALIZATION_PREFERS_STRING_CATALOGS = YES;
				MTL_ENABLE_DEBUG_INFO = INCLUDE_SOURCE;
				MTL_FAST_MATH = YES;
				ONLY_ACTIVE_ARCH = YES;
				SWIFT_ACTIVE_COMPILATION_CONDITIONS = "DEBUG $(inherited)";
				SWIFT_OPTIMIZATION_LEVEL = "-Onone";
			};
			name = Debug;
		};
		586C8F372BEA2FA000B00B9D /* Release */ = {
			isa = XCBuildConfiguration;
			buildSettings = {
				ALWAYS_SEARCH_USER_PATHS = NO;
				ASSETCATALOG_COMPILER_GENERATE_SWIFT_ASSET_SYMBOL_EXTENSIONS = YES;
				CLANG_ANALYZER_NONNULL = YES;
				CLANG_ANALYZER_NUMBER_OBJECT_CONVERSION = YES_AGGRESSIVE;
				CLANG_CXX_LANGUAGE_STANDARD = "gnu++20";
				CLANG_ENABLE_MODULES = YES;
				CLANG_ENABLE_OBJC_ARC = YES;
				CLANG_ENABLE_OBJC_WEAK = YES;
				CLANG_WARN_BLOCK_CAPTURE_AUTORELEASING = YES;
				CLANG_WARN_BOOL_CONVERSION = YES;
				CLANG_WARN_COMMA = YES;
				CLANG_WARN_CONSTANT_CONVERSION = YES;
				CLANG_WARN_DEPRECATED_OBJC_IMPLEMENTATIONS = YES;
				CLANG_WARN_DIRECT_OBJC_ISA_USAGE = YES_ERROR;
				CLANG_WARN_DOCUMENTATION_COMMENTS = YES;
				CLANG_WARN_EMPTY_BODY = YES;
				CLANG_WARN_ENUM_CONVERSION = YES;
				CLANG_WARN_INFINITE_RECURSION = YES;
				CLANG_WARN_INT_CONVERSION = YES;
				CLANG_WARN_NON_LITERAL_NULL_CONVERSION = YES;
				CLANG_WARN_OBJC_IMPLICIT_RETAIN_SELF = YES;
				CLANG_WARN_OBJC_LITERAL_CONVERSION = YES;
				CLANG_WARN_OBJC_ROOT_CLASS = YES_ERROR;
				CLANG_WARN_QUOTED_INCLUDE_IN_FRAMEWORK_HEADER = YES;
				CLANG_WARN_RANGE_LOOP_ANALYSIS = YES;
				CLANG_WARN_STRICT_PROTOTYPES = YES;
				CLANG_WARN_SUSPICIOUS_MOVE = YES;
				CLANG_WARN_UNGUARDED_AVAILABILITY = YES_AGGRESSIVE;
				CLANG_WARN_UNREACHABLE_CODE = YES;
				CLANG_WARN__DUPLICATE_METHOD_MATCH = YES;
				COPY_PHASE_STRIP = NO;
				DEBUG_INFORMATION_FORMAT = "dwarf-with-dsym";
				ENABLE_NS_ASSERTIONS = NO;
				ENABLE_STRICT_OBJC_MSGSEND = YES;
				ENABLE_USER_SCRIPT_SANDBOXING = YES;
				GCC_C_LANGUAGE_STANDARD = gnu17;
				GCC_NO_COMMON_BLOCKS = YES;
				GCC_WARN_64_TO_32_BIT_CONVERSION = YES;
				GCC_WARN_ABOUT_RETURN_TYPE = YES_ERROR;
				GCC_WARN_UNDECLARED_SELECTOR = YES;
				GCC_WARN_UNINITIALIZED_AUTOS = YES_AGGRESSIVE;
				GCC_WARN_UNUSED_FUNCTION = YES;
				GCC_WARN_UNUSED_VARIABLE = YES;
				LOCALIZATION_PREFERS_STRING_CATALOGS = YES;
				MTL_ENABLE_DEBUG_INFO = NO;
				MTL_FAST_MATH = YES;
				SWIFT_COMPILATION_MODE = wholemodule;
			};
			name = Release;
		};
		586C8F392BEA2FA000B00B9D /* Debug */ = {
			isa = XCBuildConfiguration;
			buildSettings = {
				ASSETCATALOG_COMPILER_APPICON_NAME = AppIcon;
				ASSETCATALOG_COMPILER_GLOBAL_ACCENT_COLOR_NAME = AccentColor;
				CODE_SIGN_ENTITLEMENTS = TuistExample/TuistExample.entitlements;
				CODE_SIGN_STYLE = Automatic;
				CURRENT_PROJECT_VERSION = 1;
				DEVELOPMENT_ASSET_PATHS = "\"TuistExample/Preview Content\"";
				ENABLE_PREVIEWS = YES;
				GENERATE_INFOPLIST_FILE = YES;
				"INFOPLIST_KEY_UIApplicationSceneManifest_Generation[sdk=iphoneos*]" = YES;
				"INFOPLIST_KEY_UIApplicationSceneManifest_Generation[sdk=iphonesimulator*]" = YES;
				"INFOPLIST_KEY_UIApplicationSupportsIndirectInputEvents[sdk=iphoneos*]" = YES;
				"INFOPLIST_KEY_UIApplicationSupportsIndirectInputEvents[sdk=iphonesimulator*]" = YES;
				"INFOPLIST_KEY_UILaunchScreen_Generation[sdk=iphoneos*]" = YES;
				"INFOPLIST_KEY_UILaunchScreen_Generation[sdk=iphonesimulator*]" = YES;
				"INFOPLIST_KEY_UIStatusBarStyle[sdk=iphoneos*]" = UIStatusBarStyleDefault;
				"INFOPLIST_KEY_UIStatusBarStyle[sdk=iphonesimulator*]" = UIStatusBarStyleDefault;
				INFOPLIST_KEY_UISupportedInterfaceOrientations_iPad = "UIInterfaceOrientationPortrait UIInterfaceOrientationPortraitUpsideDown UIInterfaceOrientationLandscapeLeft UIInterfaceOrientationLandscapeRight";
				INFOPLIST_KEY_UISupportedInterfaceOrientations_iPhone = "UIInterfaceOrientationPortrait UIInterfaceOrientationLandscapeLeft UIInterfaceOrientationLandscapeRight";
				IPHONEOS_DEPLOYMENT_TARGET = 17.2;
				LD_RUNPATH_SEARCH_PATHS = "@executable_path/Frameworks";
				"LD_RUNPATH_SEARCH_PATHS[sdk=macosx*]" = "@executable_path/../Frameworks";
				MACOSX_DEPLOYMENT_TARGET = 14.2;
				MARKETING_VERSION = 1.0;
				PRODUCT_BUNDLE_IDENTIFIER = es.voghdev.TuistExample;
				PRODUCT_NAME = "$(TARGET_NAME)";
				SDKROOT = auto;
				SUPPORTED_PLATFORMS = "iphoneos iphonesimulator macosx";
				SWIFT_EMIT_LOC_STRINGS = YES;
				SWIFT_VERSION = 5.0;
				TARGETED_DEVICE_FAMILY = "1,2";
			};
			name = Debug;
		};
		586C8F3A2BEA2FA000B00B9D /* Release */ = {
			isa = XCBuildConfiguration;
			buildSettings = {
				ASSETCATALOG_COMPILER_APPICON_NAME = AppIcon;
				ASSETCATALOG_COMPILER_GLOBAL_ACCENT_COLOR_NAME = AccentColor;
				CODE_SIGN_ENTITLEMENTS = TuistExample/TuistExample.entitlements;
				CODE_SIGN_STYLE = Automatic;
				CURRENT_PROJECT_VERSION = 1;
				DEVELOPMENT_ASSET_PATHS = "\"TuistExample/Preview Content\"";
				ENABLE_PREVIEWS = YES;
				GENERATE_INFOPLIST_FILE = YES;
				"INFOPLIST_KEY_UIApplicationSceneManifest_Generation[sdk=iphoneos*]" = YES;
				"INFOPLIST_KEY_UIApplicationSceneManifest_Generation[sdk=iphonesimulator*]" = YES;
				"INFOPLIST_KEY_UIApplicationSupportsIndirectInputEvents[sdk=iphoneos*]" = YES;
				"INFOPLIST_KEY_UIApplicationSupportsIndirectInputEvents[sdk=iphonesimulator*]" = YES;
				"INFOPLIST_KEY_UILaunchScreen_Generation[sdk=iphoneos*]" = YES;
				"INFOPLIST_KEY_UILaunchScreen_Generation[sdk=iphonesimulator*]" = YES;
				"INFOPLIST_KEY_UIStatusBarStyle[sdk=iphoneos*]" = UIStatusBarStyleDefault;
				"INFOPLIST_KEY_UIStatusBarStyle[sdk=iphonesimulator*]" = UIStatusBarStyleDefault;
				INFOPLIST_KEY_UISupportedInterfaceOrientations_iPad = "UIInterfaceOrientationPortrait UIInterfaceOrientationPortraitUpsideDown UIInterfaceOrientationLandscapeLeft UIInterfaceOrientationLandscapeRight";
				INFOPLIST_KEY_UISupportedInterfaceOrientations_iPhone = "UIInterfaceOrientationPortrait UIInterfaceOrientationLandscapeLeft UIInterfaceOrientationLandscapeRight";
				IPHONEOS_DEPLOYMENT_TARGET = 17.2;
				LD_RUNPATH_SEARCH_PATHS = "@executable_path/Frameworks";
				"LD_RUNPATH_SEARCH_PATHS[sdk=macosx*]" = "@executable_path/../Frameworks";
				MACOSX_DEPLOYMENT_TARGET = 14.2;
				MARKETING_VERSION = 1.0;
				PRODUCT_BUNDLE_IDENTIFIER = es.voghdev.TuistExample;
				PRODUCT_NAME = "$(TARGET_NAME)";
				SDKROOT = auto;
				SUPPORTED_PLATFORMS = "iphoneos iphonesimulator macosx";
				SWIFT_EMIT_LOC_STRINGS = YES;
				SWIFT_VERSION = 5.0;
				TARGETED_DEVICE_FAMILY = "1,2";
			};
			name = Release;
		};
		586C8F3C2BEA2FA000B00B9D /* Debug */ = {
			isa = XCBuildConfiguration;
			buildSettings = {
				ALWAYS_EMBED_SWIFT_STANDARD_LIBRARIES = YES;
				BUNDLE_LOADER = "$(TEST_HOST)";
				CODE_SIGN_STYLE = Automatic;
				CURRENT_PROJECT_VERSION = 1;
				GENERATE_INFOPLIST_FILE = YES;
				IPHONEOS_DEPLOYMENT_TARGET = 17.2;
				MACOSX_DEPLOYMENT_TARGET = 14.2;
				MARKETING_VERSION = 1.0;
				PRODUCT_BUNDLE_IDENTIFIER = es.voghdev.TuistExampleTests;
				PRODUCT_NAME = "$(TARGET_NAME)";
				SDKROOT = auto;
				SUPPORTED_PLATFORMS = "iphoneos iphonesimulator macosx";
				SWIFT_EMIT_LOC_STRINGS = NO;
				SWIFT_VERSION = 5.0;
				TARGETED_DEVICE_FAMILY = "1,2";
				TEST_HOST = "$(BUILT_PRODUCTS_DIR)/TuistExample.app/$(BUNDLE_EXECUTABLE_FOLDER_PATH)/TuistExample";
			};
			name = Debug;
		};
		586C8F3D2BEA2FA000B00B9D /* Release */ = {
			isa = XCBuildConfiguration;
			buildSettings = {
				ALWAYS_EMBED_SWIFT_STANDARD_LIBRARIES = YES;
				BUNDLE_LOADER = "$(TEST_HOST)";
				CODE_SIGN_STYLE = Automatic;
				CURRENT_PROJECT_VERSION = 1;
				GENERATE_INFOPLIST_FILE = YES;
				IPHONEOS_DEPLOYMENT_TARGET = 17.2;
				MACOSX_DEPLOYMENT_TARGET = 14.2;
				MARKETING_VERSION = 1.0;
				PRODUCT_BUNDLE_IDENTIFIER = es.voghdev.TuistExampleTests;
				PRODUCT_NAME = "$(TARGET_NAME)";
				SDKROOT = auto;
				SUPPORTED_PLATFORMS = "iphoneos iphonesimulator macosx";
				SWIFT_EMIT_LOC_STRINGS = NO;
				SWIFT_VERSION = 5.0;
				TARGETED_DEVICE_FAMILY = "1,2";
				TEST_HOST = "$(BUILT_PRODUCTS_DIR)/TuistExample.app/$(BUNDLE_EXECUTABLE_FOLDER_PATH)/TuistExample";
			};
			name = Release;
		};
		586C8F3F2BEA2FA000B00B9D /* Debug */ = {
			isa = XCBuildConfiguration;
			buildSettings = {
				ALWAYS_EMBED_SWIFT_STANDARD_LIBRARIES = YES;
				CODE_SIGN_STYLE = Automatic;
				CURRENT_PROJECT_VERSION = 1;
				GENERATE_INFOPLIST_FILE = YES;
				IPHONEOS_DEPLOYMENT_TARGET = 17.2;
				MACOSX_DEPLOYMENT_TARGET = 14.2;
				MARKETING_VERSION = 1.0;
				PRODUCT_BUNDLE_IDENTIFIER = es.voghdev.TuistExampleUITests;
				PRODUCT_NAME = "$(TARGET_NAME)";
				SDKROOT = auto;
				SUPPORTED_PLATFORMS = "iphoneos iphonesimulator macosx";
				SWIFT_EMIT_LOC_STRINGS = NO;
				SWIFT_VERSION = 5.0;
				TARGETED_DEVICE_FAMILY = "1,2";
				TEST_TARGET_NAME = TuistExample;
			};
			name = Debug;
		};
		586C8F402BEA2FA000B00B9D /* Release */ = {
			isa = XCBuildConfiguration;
			buildSettings = {
				ALWAYS_EMBED_SWIFT_STANDARD_LIBRARIES = YES;
				CODE_SIGN_STYLE = Automatic;
				CURRENT_PROJECT_VERSION = 1;
				GENERATE_INFOPLIST_FILE = YES;
				IPHONEOS_DEPLOYMENT_TARGET = 17.2;
				MACOSX_DEPLOYMENT_TARGET = 14.2;
				MARKETING_VERSION = 1.0;
				PRODUCT_BUNDLE_IDENTIFIER = es.voghdev.TuistExampleUITests;
				PRODUCT_NAME = "$(TARGET_NAME)";
				SDKROOT = auto;
				SUPPORTED_PLATFORMS = "iphoneos iphonesimulator macosx";
				SWIFT_EMIT_LOC_STRINGS = NO;
				SWIFT_VERSION = 5.0;
				TARGETED_DEVICE_FAMILY = "1,2";
				TEST_TARGET_NAME = TuistExample;
			};
			name = Release;
		};
/* End XCBuildConfiguration section */

/* Begin XCConfigurationList section */
		586C8F0E2BEA2F9E00B00B9D /* Build configuration list for PBXProject "TuistExample" */ = {
			isa = XCConfigurationList;
			buildConfigurations = (
				586C8F362BEA2FA000B00B9D /* Debug */,
				586C8F372BEA2FA000B00B9D /* Release */,
			);
			defaultConfigurationIsVisible = 0;
			defaultConfigurationName = Release;
		};
		586C8F382BEA2FA000B00B9D /* Build configuration list for PBXNativeTarget "TuistExample" */ = {
			isa = XCConfigurationList;
			buildConfigurations = (
				586C8F392BEA2FA000B00B9D /* Debug */,
				586C8F3A2BEA2FA000B00B9D /* Release */,
			);
			defaultConfigurationIsVisible = 0;
			defaultConfigurationName = Release;
		};
		586C8F3B2BEA2FA000B00B9D /* Build configuration list for PBXNativeTarget "TuistExampleTests" */ = {
			isa = XCConfigurationList;
			buildConfigurations = (
				586C8F3C2BEA2FA000B00B9D /* Debug */,
				586C8F3D2BEA2FA000B00B9D /* Release */,
			);
			defaultConfigurationIsVisible = 0;
			defaultConfigurationName = Release;
		};
		586C8F3E2BEA2FA000B00B9D /* Build configuration list for PBXNativeTarget "TuistExampleUITests" */ = {
			isa = XCConfigurationList;
			buildConfigurations = (
				586C8F3F2BEA2FA000B00B9D /* Debug */,
				586C8F402BEA2FA000B00B9D /* Release */,
			);
			defaultConfigurationIsVisible = 0;
			defaultConfigurationName = Release;
		};
/* End XCConfigurationList section */
	};
	rootObject = 586C8F0B2BEA2F9E00B00B9D /* Project object */;
}
